{
  "version": 2,
  "dependencies": {
    "net10.0": {
      "Azure.AI.OpenAI": {
        "type": "Direct",
        "requested": "[2.1.0, )",
        "resolved": "2.1.0",
        "contentHash": "doixr3tcsIcdzbzF9NxKt+6U0NKj6aPeOCPYONPsWjyf3gxVndVJAdjPcVdqeR/3vcRHXRgGnGlv+iXx5jMA4g==",
        "dependencies": {
          "Azure.Core": "1.44.1",
          "OpenAI": "2.1.0"
        }
      },
      "Microsoft.Agents.AI": {
        "type": "Direct",
        "requested": "[1.1.0, )",
        "resolved": "1.1.0",
        "contentHash": "tcu0HwG14gDOAaoIGQF4JG0mTBc94j44AzuPUOkbVrtz6PhWCCHfFv8FKbyMxANiOmQB/Atpvc6c1hJb0AYVgg==",
        "dependencies": {
          "Microsoft.Agents.AI.Abstractions": "1.1.0",
          "Microsoft.Extensions.AI": "10.4.0",
          "Microsoft.Extensions.AI.Abstractions": "10.4.0",
          "Microsoft.Extensions.Compliance.Abstractions": "10.4.0",
          "Microsoft.Extensions.DependencyInjection.Abstractions": "10.0.4",
          "Microsoft.Extensions.Logging.Abstractions": "10.0.4",
          "Microsoft.Extensions.VectorData.Abstractions": "9.7.0",
          "Microsoft.ML.Tokenizers": "2.0.0"
        }
      },
      "Microsoft.Agents.AI.OpenAI": {
        "type": "Direct",
        "requested": "[1.1.0, )",
        "resolved": "1.1.0",
        "contentHash": "mnVbEsi34NVUHnsopboEA4SpdNdNlKhNOCxTiQdHIWhDVWI+gBCsWi5HOQVOdWzgRE3IXPqIdJoNgTbz0qTMsw==",
        "dependencies": {
          "Microsoft.Agents.AI": "1.1.0",
          "Microsoft.Extensions.AI": "10.4.0",
          "Microsoft.Extensions.AI.Abstractions": "10.4.0",
          "Microsoft.Extensions.AI.OpenAI": "10.4.0",
          "Microsoft.Extensions.Compliance.Abstractions": "10.4.0",
          "Microsoft.Extensions.DependencyInjection.Abstractions": "10.0.4",
          "Microsoft.Extensions.Logging.Abstractions": "10.0.4",
          "Microsoft.Extensions.VectorData.Abstractions": "9.7.0",
          "Microsoft.ML.Tokenizers": "2.0.0",
          "OpenAI": "2.9.1",
          "System.ClientModel": "1.10.0"
        }
      },
      "Microsoft.CodeAnalysis.NetAnalyzers": {
        "type": "Direct",
        "requested": "[9.0.0, )",
        "resolved": "9.0.0",
        "contentHash": "JajbvkrBgtdRghavIjcJuNHMOja4lqBmEezbhZyqWPYh2cpLhT5mPpfC7NQVDO4IehWQum9t/nwF4v+qQGtYWg=="
      },
      "Microsoft.Extensions.Configuration": {
        "type": "Direct",
        "requested": "[10.0.6, )",
        "resolved": "10.0.6",
        "contentHash": "lYQ9S1FGXIWIU7243RimdAXQYsFDeLhSSZvbSDwbeI/kCzZ4MIYXpp3kMQ+bDJXwl9pzMRIYkd4f9zGqcYxfAQ==",
        "dependencies": {
          "Microsoft.Extensions.Configuration.Abstractions": "10.0.6",
          "Microsoft.Extensions.Primitives": "10.0.6"
        }
      },
      "Microsoft.Extensions.Configuration.Abstractions": {
        "type": "Direct",
        "requested": "[10.0.6, )",
        "resolved": "10.0.6",
        "contentHash": "a7bA7IT3ngIgcOMb/2MVH5CcfSxUCeQ6QXWS1Vt6oFpzLTH3U1+J2Xtc64Uw3whX9akYG8eR/UQeEzxo64zZLg==",
        "dependencies": {
          "Microsoft.Extensions.Primitives": "10.0.6"
        }
      },
      "Microsoft.Extensions.Configuration.Binder": {
        "type": "Direct",
        "requested": "[10.0.6, )",
        "resolved": "10.0.6",
        "contentHash": "h22Fm4VxRmr4ty9rxJaW0i51xD56Bl5QhQ2hsGY2vl+6FioWmBhkpg3B78XQaK25N+hE41gZLZuYKGQS+OGbdw==",
        "dependencies": {
          "Microsoft.Extensions.Configuration": "10.0.6",
          "Microsoft.Extensions.Configuration.Abstractions": "10.0.6"
        }
      },
      "Microsoft.Extensions.DependencyInjection": {
        "type": "Direct",
        "requested": "[10.0.6, )",
        "resolved": "10.0.6",
        "contentHash": "poUvwtf92bEs8uBH3aRRs/ZgiAw+Z485EU7TtVPBt//MmD0uMPERe7+v3Ur7lpD8XgIEDL9sDoTBcW1LMG97CQ==",
        "dependencies": {
          "Microsoft.Extensions.DependencyInjection.Abstractions": "10.0.6"
        }
      },
      "Microsoft.Extensions.DependencyInjection.Abstractions": {
        "type": "Direct",
        "requested": "[10.0.6, )",
        "resolved": "10.0.6",
        "contentHash": "w+dX4SIr1X9yegX2yX2dU1XtP4JAUVNdvOG/Evn+H+ndn96YzfIPX52FALXChrRNWFR9l77FQyg1mB7WQo6iOA=="
      },
      "Microsoft.Extensions.Http": {
        "type": "Direct",
        "requested": "[10.0.6, )",
        "resolved": "10.0.6",
        "contentHash": "FbWxJqgUUQosm/tZEnjbdS2EfE+kBT5C8AQdWJsOtpgAR82gNGdfnYF4ZyHReGa7wpNltBB/GFKWMr9GlVuZbw==",
        "dependencies": {
          "Microsoft.Extensions.Configuration.Abstractions": "10.0.6",
          "Microsoft.Extensions.DependencyInjection.Abstractions": "10.0.6",
          "Microsoft.Extensions.Diagnostics": "10.0.6",
          "Microsoft.Extensions.Logging": "10.0.6",
          "Microsoft.Extensions.Logging.Abstractions": "10.0.6",
          "Microsoft.Extensions.Options": "10.0.6"
        }
      },
      "Microsoft.Extensions.Primitives": {
        "type": "Direct",
        "requested": "[10.0.6, )",
        "resolved": "10.0.6",
        "contentHash": "L8P21mqaG+CXvPheLndean/cHCOcItJqH8nx+0YQnK7wAiOR0G1IOC418ZSzTMD2D6Gmo0f2M5WR70XtpX2B8g=="
      },
      "Microsoft.SemanticKernel.Connectors.Redis": {
        "type": "Direct",
        "requested": "[1.74.0-preview, )",
        "resolved": "1.74.0-preview",
        "contentHash": "WCqc/mvmotxlqgZK4DOAkFv3N4bCOIk8JFuCtFyYrKLIuNqRE8xLovEcGGDdspmwVbhUhlJoKjFphYCkD+se4g==",
        "dependencies": {
          "Microsoft.Extensions.AI.Abstractions": "10.4.0",
          "Microsoft.Extensions.DependencyInjection.Abstractions": "10.0.4",
          "Microsoft.Extensions.VectorData.Abstractions": "10.1.0",
          "NRedisStack": "1.0.0"
        }
      },
      "StyleCop.Analyzers": {
        "type": "Direct",
        "requested": "[1.1.118, )",
        "resolved": "1.1.118",
        "contentHash": "Onx6ovGSqXSK07n/0eM3ZusiNdB6cIlJdabQhWGgJp3Vooy9AaLS/tigeybOJAobqbtggTamoWndz72JscZBvw=="
      },
      "Azure.Core": {
        "type": "Transitive",
        "resolved": "1.44.1",
        "contentHash": "YyznXLQZCregzHvioip07/BkzjuWNXogJEVz9T5W6TwjNr17ax41YGzYMptlo2G10oLCuVPoyva62y0SIRDixg==",
        "dependencies": {
          "Microsoft.Bcl.AsyncInterfaces": "6.0.0",
          "System.ClientModel": "1.1.0",
          "System.Memory.Data": "6.0.0"
        }
      },
      "Google.Protobuf": {
        "type": "Transitive",
        "resolved": "3.30.2",
        "contentHash": "Y2aOVLIt75yeeEWigg9V9YnjsEm53sADtLGq0gLhwaXpk3iu8tYSoauolyhenagA2sWno2TQ2WujI0HQd6s1Vw=="
      },
      "Microsoft.Agents.AI.Abstractions": {
        "type": "Transitive",
        "resolved": "1.1.0",
        "contentHash": "js3IG/nAetLd5OBc9WLkAK49FJ11kRQMCesJpMJwdli2Utu2TEZdRg7qonAfA3ptF+8vBmMeiTM6oCpR/7tM+g==",
        "dependencies": {
          "Microsoft.Extensions.AI.Abstractions": "10.4.0"
        }
      },
      "Microsoft.Bcl.AsyncInterfaces": {
        "type": "Transitive",
        "resolved": "6.0.0",
        "contentHash": "UcSjPsst+DfAdJGVDsu346FX0ci0ah+lw3WRtn18NUwEqRt70HaOQ7lI72vy3+1LxtqI3T5GWwV39rQSrCzAeg=="
      },
      "Microsoft.Extensions.AI.Abstractions": {
        "type": "Transitive",
        "resolved": "10.4.0",
        "contentHash": "t3S2H4do4YeNheIfE3GEl3MnKIrnxpbLu7a88spfApYR3in9ddhIq/GMtxgMaFjn/PUMTCFv5YH7Y6Q91dsDXQ=="
      },
      "Microsoft.Extensions.AI.OpenAI": {
        "type": "Transitive",
        "resolved": "10.4.0",
        "contentHash": "7R1fyxwF8KtQi8k2ih3Y6dHZiUfnnmZIgXY7hQ+dFlPkVZoefgKAzdnnrFZzYOjXPeJxh3gqAQ4psXnp59wwqw==",
        "dependencies": {
          "Microsoft.Extensions.AI.Abstractions": "10.4.0",
          "OpenAI": "2.9.1"
        }
      },
      "Microsoft.Extensions.Caching.Abstractions": {
        "type": "Transitive",
        "resolved": "10.0.4",
        "contentHash": "uDRooaV6N3WZ0kdlNPMB68/MdGn/in1Fs7Db7DnIm85RBTPy4P321WO+daAImiYpH5dekjNggDqy1N44WaIlMA==",
        "dependencies": {
          "Microsoft.Extensions.Primitives": "10.0.4"
        }
      },
      "Microsoft.Extensions.Compliance.Abstractions": {
        "type": "Transitive",
        "resolved": "10.4.0",
        "contentHash": "4WkknDbVrHNf+S6fwSt1OAXlGJ/G/QrtJlqx4aNzOLmeT3GRyxpGLZn+Q3UV+RMRAF6FfsijEZBg2ZAW8bTAkg==",
        "dependencies": {
          "Microsoft.Extensions.DependencyInjection.Abstractions": "10.0.4",
          "Microsoft.Extensions.ObjectPool": "10.0.4"
        }
      },
      "Microsoft.Extensions.Diagnostics": {
        "type": "Transitive",
        "resolved": "10.0.6",
        "contentHash": "vbigpAOKX+Bbm2uJQ/AqXqONEPPB3ZYkynRT24vo5ZWF1rzKPtVjpkQkJx5qTGp2dqNV5In9QqboayqmKdvGUA==",
        "dependencies": {
          "Microsoft.Extensions.Configuration": "10.0.6",
          "Microsoft.Extensions.Diagnostics.Abstractions": "10.0.6",
          "Microsoft.Extensions.Options.ConfigurationExtensions": "10.0.6"
        }
      },
      "Microsoft.Extensions.Diagnostics.Abstractions": {
        "type": "Transitive",
        "resolved": "10.0.6",
        "contentHash": "L98Xe5C+xyKytLNLiEyQ0rcY8GNXAeAn1xKsE0YDxPx/mXBYYtRoj8pC2cnbSFQUlOzBkyO90ivMSV22SRETFg==",
        "dependencies": {
          "Microsoft.Extensions.DependencyInjection.Abstractions": "10.0.6",
          "Microsoft.Extensions.Options": "10.0.6"
        }
      },
      "Microsoft.Extensions.FileProviders.Abstractions": {
        "type": "Transitive",
        "resolved": "10.0.3",
        "contentHash": "4TD9AXDRsipTmaemwnjt/DM5Ri0de2JzHQhvZ4woBTjUtL4XrPNsMrOk5oiLJAx1gTrE6pOIhxv+lEde5F6CZA==",
        "dependencies": {
          "Microsoft.Extensions.Primitives": "10.0.3"
        }
      },
      "Microsoft.Extensions.Hosting.Abstractions": {
        "type": "Transitive",
        "resolved": "10.0.3",
        "contentHash": "GdMpC10Jf6poxSvUJ4lgYpJ5F/kJeaAoJmrPufjBoPYyCTKKY5Dyl0rZA+LBNvFqTq1cZa/lhlptlUhNvU6xrg==",
        "dependencies": {
          "Microsoft.Extensions.Configuration.Abstractions": "10.0.3",
          "Microsoft.Extensions.DependencyInjection.Abstractions": "10.0.3",
          "Microsoft.Extensions.Diagnostics.Abstractions": "10.0.3",
          "Microsoft.Extensions.FileProviders.Abstractions": "10.0.3",
          "Microsoft.Extensions.Logging.Abstractions": "10.0.3"
        }
      },
      "Microsoft.Extensions.Logging": {
        "type": "Transitive",
        "resolved": "10.0.6",
        "contentHash": "ZjpnbMD88IcZQE2pE9lcGv3mkH2mlApPWNh88ya1wJpcxZLp7p4aN7twI2FpawGPAsXNpmMgtKaz3o796YWKWQ==",
        "dependencies": {
          "Microsoft.Extensions.DependencyInjection": "10.0.6",
          "Microsoft.Extensions.Logging.Abstractions": "10.0.6",
          "Microsoft.Extensions.Options": "10.0.6"
        }
      },
      "Microsoft.Extensions.Logging.Abstractions": {
        "type": "Transitive",
        "resolved": "10.0.6",
        "contentHash": "1YgBO3wAy0dlpQyVTKWBSPND/t0yZHsvd3shGpbeEwH8JSb2hnFI2pNFrOOUi/stsp+T/dqwqmRIGh47ibo9bw==",
        "dependencies": {
          "Microsoft.Extensions.DependencyInjection.Abstractions": "10.0.6"
        }
      },
      "Microsoft.Extensions.ObjectPool": {
        "type": "Transitive",
        "resolved": "10.0.4",
        "contentHash": "2pufIFOgNl/yWTOoIC9XgBnO9VxgfAjdRCnVwpE2+ICfcroGnjuEAGzJ5lTdZeAe0HvA31vMBWXtcmGB7TOq3g=="
      },
      "Microsoft.Extensions.Options": {
        "type": "Transitive",
        "resolved": "10.0.6",
        "contentHash": "v5RTWm+3Gdub21ADJeRG5bunOOxutFNBZk6qGH6Az4L5nyRZoLe3Kse7jfAyUcdEoiKp72XpNw/wGR+9wP+MtQ==",
        "dependencies": {
          "Microsoft.Extensions.DependencyInjection.Abstractions": "10.0.6",
          "Microsoft.Extensions.Primitives": "10.0.6"
        }
      },
      "Microsoft.Extensions.Options.ConfigurationExtensions": {
        "type": "Transitive",
        "resolved": "10.0.6",
        "contentHash": "O7xt1vYMxku2+/WpFkh6X8RzUtYbKR+XCt0KOO0W9TbRbFeQdfb9Nry/CdVq57kOyOKS3Z4qD1xqV/8LpJQ0Xw==",
        "dependencies": {
          "Microsoft.Extensions.Configuration.Abstractions": "10.0.6",
          "Microsoft.Extensions.Configuration.Binder": "10.0.6",
          "Microsoft.Extensions.DependencyInjection.Abstractions": "10.0.6",
          "Microsoft.Extensions.Options": "10.0.6",
          "Microsoft.Extensions.Primitives": "10.0.6"
        }
      },
      "Microsoft.Extensions.VectorData.Abstractions": {
        "type": "Transitive",
        "resolved": "10.1.0",
        "contentHash": "I2XfmqEOWOq0Esbo0eWQ6WE5MAJkGyIs057F8ncmPCLJFw9b1IB7Jj5WiFlH6C5YXCAG9Z91QMBD/SkcMLhE7w==",
        "dependencies": {
          "Microsoft.Extensions.AI.Abstractions": "10.4.0"
        }
      },
      "Microsoft.ML.Tokenizers": {
        "type": "Transitive",
        "resolved": "2.0.0",
        "contentHash": "+b8lT4cLLO/sBR2hjvE/qG6qrZG15h7/PBvnIrzTh4xDaAxdHUY6449rC+1pHzQUsBiCHZVbj+VMn+xS0sL7TA==",
        "dependencies": {
          "Google.Protobuf": "3.30.2"
        }
      },
      "NetTopologySuite": {
        "type": "Transitive",
        "resolved": "2.5.0",
        "contentHash": "5/+2O2ADomEdUn09mlSigACdqvAf0m/pVPGtIPEPQWnyrVykYY0NlfXLIdkMgi41kvH9kNrPqYaFBTZtHYH7Xw=="
      },
      "NRedisStack": {
        "type": "Transitive",
        "resolved": "1.0.0",
        "contentHash": "vCSwHNibWIgDic2sXAP23s7m7IMu3dlWdfv8LIufFfVGm+yyZ9MXCTFQaGw6zv4hE7k9RhJp64ObvLYx+2sQIQ==",
        "dependencies": {
          "NetTopologySuite": "2.5.0",
          "StackExchange.Redis": "2.8.24"
        }
      },
      "OpenAI": {
        "type": "Transitive",
        "resolved": "2.9.1",
        "contentHash": "KPTFYEt1EhrPeIZXGBE+DlutFEpMo/RspqSdUJ3p6pMqsw3NeGJcIja/K0He1j9KyRq8ASfzBgp2biWbNUGnFA==",
        "dependencies": {
          "System.ClientModel": "1.9.0"
        }
      },
      "Pipelines.Sockets.Unofficial": {
        "type": "Transitive",
        "resolved": "2.2.8",
        "contentHash": "zG2FApP5zxSx6OcdJQLbZDk2AVlN2BNQD6MorwIfV6gVj0RRxWPEp2LXAxqDGZqeNV1Zp0BNPcNaey/GXmTdvQ=="
      },
      "StackExchange.Redis": {
        "type": "Transitive",
        "resolved": "2.8.24",
        "contentHash": "GWllmsFAtLyhm4C47cOCipGxyEi1NQWTFUHXnJ8hiHOsK/bH3T5eLkWPVW+LRL6jDiB3g3izW3YEHgLuPoJSyA==",
        "dependencies": {
          "Microsoft.Extensions.Logging.Abstractions": "6.0.0",
          "Pipelines.Sockets.Unofficial": "2.2.8"
        }
      },
      "System.ClientModel": {
        "type": "Transitive",
        "resolved": "1.10.0",
        "contentHash": "lBEWs54F5Y5pZ9hC+8z4S/X76957ex+DPk7WecRHlbIHtrPfbRMMlOgI3iDn4Jpb3bSxvBnKaaHoD59auFjlBA==",
        "dependencies": {
          "Microsoft.Extensions.Configuration.Abstractions": "10.0.3",
          "Microsoft.Extensions.Hosting.Abstractions": "10.0.3",
          "Microsoft.Extensions.Logging.Abstractions": "10.0.3",
          "System.Memory.Data": "10.0.3"
        }
      },
      "System.Memory.Data": {
        "type": "Transitive",
        "resolved": "10.0.3",
        "contentHash": "MaGhRfGunmrj/nHjtsi9XkhlYJ/ERGWrbA+BiSKNtGnAjc9XlG5EhAvak6VRcX5LYzPF6pBO8nJ613dTgzabig=="
      },
      "System.Numerics.Tensors": {
        "type": "Transitive",
        "resolved": "10.0.4",
        "contentHash": "EK8wJVxnVfeCzchnEqVjIfZDpVIcmjfjUs9x1nzI41X2naPGT57QjoHlQJma2vDQUxEtPQiGv/v90mwcflx6mQ=="
      },
      "application": {
        "type": "Project",
        "dependencies": {
          "Microsoft.Agents.AI": "[1.1.0, )",
          "Microsoft.Extensions.DependencyInjection.Abstractions": "[10.0.6, )",
          "model": "[1.0.0, )"
        }
      },
      "model": {
        "type": "Project"
      },
      "Microsoft.Extensions.AI": {
        "type": "CentralTransitive",
        "requested": "[9.8.0, )",
        "resolved": "10.4.0",
        "contentHash": "7kKIuaUMFWikveZUjSrs53XfMVV7IDGSDaGp6/y/hV0HXsA7N2oIODZWxtEkEj8Q4cd/Oc/VlsVlg8efof7gFA==",
        "dependencies": {
          "Microsoft.Extensions.AI.Abstractions": "10.4.0",
          "Microsoft.Extensions.Caching.Abstractions": "10.0.4",
          "Microsoft.Extensions.DependencyInjection.Abstractions": "10.0.4",
          "Microsoft.Extensions.Logging.Abstractions": "10.0.4",
          "System.Numerics.Tensors": "10.0.4"
        }
      }
    }
  }
}