{
  "version": 2,
  "dependencies": {
    "net10.0": {
      "Microsoft.CodeAnalysis.NetAnalyzers": {
        "type": "Direct",
        "requested": "[9.0.0, )",
        "resolved": "9.0.0",
        "contentHash": "JajbvkrBgtdRghavIjcJuNHMOja4lqBmEezbhZyqWPYh2cpLhT5mPpfC7NQVDO4IehWQum9t/nwF4v+qQGtYWg=="
      },
      "Microsoft.VisualStudio.Azure.Containers.Tools.Targets": {
        "type": "Direct",
        "requested": "[1.22.1, )",
        "resolved": "1.22.1",
        "contentHash": "EfYANhAWqmWKoLwN6bxoiPZSOfJSO9lzX+UrU6GVhLhPub1Hd+5f0zL0/tggIA6mRz6Ebw2xCNcIsM4k+7NPng=="
      },
      "StyleCop.Analyzers": {
        "type": "Direct",
        "requested": "[1.1.118, )",
        "resolved": "1.1.118",
        "contentHash": "Onx6ovGSqXSK07n/0eM3ZusiNdB6cIlJdabQhWGgJp3Vooy9AaLS/tigeybOJAobqbtggTamoWndz72JscZBvw=="
      },
      "Swashbuckle.AspNetCore": {
        "type": "Direct",
        "requested": "[9.0.3, )",
        "resolved": "9.0.3",
        "contentHash": "Akk4oFgy0ST8Q8pZTfPbrt045tWNyMMiKhlbYjG3qnjQZLz645IL5vhQm7NLicc2sAAQ+vftArIlsYWFevmb2g==",
        "dependencies": {
          "Microsoft.Extensions.ApiDescription.Server": "9.0.0",
          "Swashbuckle.AspNetCore.Swagger": "9.0.3",
          "Swashbuckle.AspNetCore.SwaggerGen": "9.0.3",
          "Swashbuckle.AspNetCore.SwaggerUI": "9.0.3"
        }
      },
      "Azure.Core": {
        "type": "Transitive",
        "resolved": "1.44.1",
        "contentHash": "YyznXLQZCregzHvioip07/BkzjuWNXogJEVz9T5W6TwjNr17ax41YGzYMptlo2G10oLCuVPoyva62y0SIRDixg==",
        "dependencies": {
          "Microsoft.Bcl.AsyncInterfaces": "6.0.0",
          "System.ClientModel": "1.1.0",
          "System.Memory.Data": "6.0.0"
        }
      },
      "Google.Protobuf": {
        "type": "Transitive",
        "resolved": "3.30.2",
        "contentHash": "Y2aOVLIt75yeeEWigg9V9YnjsEm53sADtLGq0gLhwaXpk3iu8tYSoauolyhenagA2sWno2TQ2WujI0HQd6s1Vw=="
      },
      "Microsoft.Agents.AI.Abstractions": {
        "type": "Transitive",
        "resolved": "1.1.0",
        "contentHash": "js3IG/nAetLd5OBc9WLkAK49FJ11kRQMCesJpMJwdli2Utu2TEZdRg7qonAfA3ptF+8vBmMeiTM6oCpR/7tM+g==",
        "dependencies": {
          "Microsoft.Extensions.AI.Abstractions": "10.4.0"
        }
      },
      "Microsoft.Bcl.AsyncInterfaces": {
        "type": "Transitive",
        "resolved": "6.0.0",
        "contentHash": "UcSjPsst+DfAdJGVDsu346FX0ci0ah+lw3WRtn18NUwEqRt70HaOQ7lI72vy3+1LxtqI3T5GWwV39rQSrCzAeg=="
      },
      "Microsoft.Extensions.AI.Abstractions": {
        "type": "Transitive",
        "resolved": "10.4.0",
        "contentHash": "t3S2H4do4YeNheIfE3GEl3MnKIrnxpbLu7a88spfApYR3in9ddhIq/GMtxgMaFjn/PUMTCFv5YH7Y6Q91dsDXQ=="
      },
      "Microsoft.Extensions.AI.OpenAI": {
        "type": "Transitive",
        "resolved": "10.4.0",
        "contentHash": "7R1fyxwF8KtQi8k2ih3Y6dHZiUfnnmZIgXY7hQ+dFlPkVZoefgKAzdnnrFZzYOjXPeJxh3gqAQ4psXnp59wwqw==",
        "dependencies": {
          "Microsoft.Extensions.AI.Abstractions": "10.4.0",
          "OpenAI": "2.9.1"
        }
      },
      "Microsoft.Extensions.ApiDescription.Server": {
        "type": "Transitive",
        "resolved": "9.0.0",
        "contentHash": "1Kzzf7pRey40VaUkHN9/uWxrKVkLu2AQjt+GVeeKLLpiEHAJ1xZRsLSh4ZZYEnyS7Kt2OBOPmsXNdU+wbcOl5w=="
      },
      "Microsoft.Extensions.Compliance.Abstractions": {
        "type": "Transitive",
        "resolved": "10.4.0",
        "contentHash": "4WkknDbVrHNf+S6fwSt1OAXlGJ/G/QrtJlqx4aNzOLmeT3GRyxpGLZn+Q3UV+RMRAF6FfsijEZBg2ZAW8bTAkg=="
      },
      "Microsoft.Extensions.VectorData.Abstractions": {
        "type": "Transitive",
        "resolved": "10.1.0",
        "contentHash": "I2XfmqEOWOq0Esbo0eWQ6WE5MAJkGyIs057F8ncmPCLJFw9b1IB7Jj5WiFlH6C5YXCAG9Z91QMBD/SkcMLhE7w==",
        "dependencies": {
          "Microsoft.Extensions.AI.Abstractions": "10.4.0"
        }
      },
      "Microsoft.ML.Tokenizers": {
        "type": "Transitive",
        "resolved": "2.0.0",
        "contentHash": "+b8lT4cLLO/sBR2hjvE/qG6qrZG15h7/PBvnIrzTh4xDaAxdHUY6449rC+1pHzQUsBiCHZVbj+VMn+xS0sL7TA==",
        "dependencies": {
          "Google.Protobuf": "3.30.2"
        }
      },
      "Microsoft.OpenApi": {
        "type": "Transitive",
        "resolved": "1.6.23",
        "contentHash": "tZ1I0KXnn98CWuV8cpI247A17jaY+ILS9vvF7yhI0uPPEqF4P1d7BWL5Uwtel10w9NucllHB3nTkfYTAcHAh8g=="
      },
      "NetTopologySuite": {
        "type": "Transitive",
        "resolved": "2.5.0",
        "contentHash": "5/+2O2ADomEdUn09mlSigACdqvAf0m/pVPGtIPEPQWnyrVykYY0NlfXLIdkMgi41kvH9kNrPqYaFBTZtHYH7Xw=="
      },
      "NRedisStack": {
        "type": "Transitive",
        "resolved": "1.0.0",
        "contentHash": "vCSwHNibWIgDic2sXAP23s7m7IMu3dlWdfv8LIufFfVGm+yyZ9MXCTFQaGw6zv4hE7k9RhJp64ObvLYx+2sQIQ==",
        "dependencies": {
          "NetTopologySuite": "2.5.0",
          "StackExchange.Redis": "2.8.24"
        }
      },
      "OpenAI": {
        "type": "Transitive",
        "resolved": "2.9.1",
        "contentHash": "KPTFYEt1EhrPeIZXGBE+DlutFEpMo/RspqSdUJ3p6pMqsw3NeGJcIja/K0He1j9KyRq8ASfzBgp2biWbNUGnFA==",
        "dependencies": {
          "System.ClientModel": "1.9.0"
        }
      },
      "Pipelines.Sockets.Unofficial": {
        "type": "Transitive",
        "resolved": "2.2.8",
        "contentHash": "zG2FApP5zxSx6OcdJQLbZDk2AVlN2BNQD6MorwIfV6gVj0RRxWPEp2LXAxqDGZqeNV1Zp0BNPcNaey/GXmTdvQ=="
      },
      "StackExchange.Redis": {
        "type": "Transitive",
        "resolved": "2.8.24",
        "contentHash": "GWllmsFAtLyhm4C47cOCipGxyEi1NQWTFUHXnJ8hiHOsK/bH3T5eLkWPVW+LRL6jDiB3g3izW3YEHgLuPoJSyA==",
        "dependencies": {
          "Pipelines.Sockets.Unofficial": "2.2.8"
        }
      },
      "Swashbuckle.AspNetCore.Swagger": {
        "type": "Transitive",
        "resolved": "9.0.3",
        "contentHash": "CGpkZDWj1g/yH/0wYkxUtBhiFo5TY/Esq2fS0vlBvLOs1UL2Jzef9tdtYmTdd3zBPtnMyXQcsXjMt9yCxz4VaA==",
        "dependencies": {
          "Microsoft.OpenApi": "1.6.23"
        }
      },
      "Swashbuckle.AspNetCore.SwaggerGen": {
        "type": "Transitive",
        "resolved": "9.0.3",
        "contentHash": "STqjhw1TZiEGmIRgE6jcJUOcgU/Fjquc6dP4GqbuwBzqWZAWr/9T7FZOGWYEwKnmkMplzlUNepGHwnUrfTP0fw==",
        "dependencies": {
          "Swashbuckle.AspNetCore.Swagger": "9.0.3"
        }
      },
      "Swashbuckle.AspNetCore.SwaggerUI": {
        "type": "Transitive",
        "resolved": "9.0.3",
        "contentHash": "DgJKJASz5OAygeKv2+N0FCZVhQylESqLXrtrRAqIT0vKpX7t5ImJ1FL6+6OqxKiamGkL0jchRXR8OgpMSsMh8w=="
      },
      "System.ClientModel": {
        "type": "Transitive",
        "resolved": "1.10.0",
        "contentHash": "lBEWs54F5Y5pZ9hC+8z4S/X76957ex+DPk7WecRHlbIHtrPfbRMMlOgI3iDn4Jpb3bSxvBnKaaHoD59auFjlBA==",
        "dependencies": {
          "System.Memory.Data": "10.0.3"
        }
      },
      "System.Memory.Data": {
        "type": "Transitive",
        "resolved": "10.0.3",
        "contentHash": "MaGhRfGunmrj/nHjtsi9XkhlYJ/ERGWrbA+BiSKNtGnAjc9XlG5EhAvak6VRcX5LYzPF6pBO8nJ613dTgzabig=="
      },
      "System.Numerics.Tensors": {
        "type": "Transitive",
        "resolved": "10.0.4",
        "contentHash": "EK8wJVxnVfeCzchnEqVjIfZDpVIcmjfjUs9x1nzI41X2naPGT57QjoHlQJma2vDQUxEtPQiGv/v90mwcflx6mQ=="
      },
      "infrastructure": {
        "type": "Project",
        "dependencies": {
          "Azure.AI.OpenAI": "[2.1.0, )",
          "Microsoft.Agents.AI": "[1.1.0, )",
          "Microsoft.Agents.AI.OpenAI": "[1.1.0, )",
          "Microsoft.SemanticKernel.Connectors.Redis": "[1.74.0-preview, )"
        }
      },
      "model": {
        "type": "Project"
      },
      "Azure.AI.OpenAI": {
        "type": "CentralTransitive",
        "requested": "[2.1.0, )",
        "resolved": "2.1.0",
        "contentHash": "doixr3tcsIcdzbzF9NxKt+6U0NKj6aPeOCPYONPsWjyf3gxVndVJAdjPcVdqeR/3vcRHXRgGnGlv+iXx5jMA4g==",
        "dependencies": {
          "Azure.Core": "1.44.1",
          "OpenAI": "2.1.0"
        }
      },
      "Microsoft.Agents.AI": {
        "type": "CentralTransitive",
        "requested": "[1.1.0, )",
        "resolved": "1.1.0",
        "contentHash": "tcu0HwG14gDOAaoIGQF4JG0mTBc94j44AzuPUOkbVrtz6PhWCCHfFv8FKbyMxANiOmQB/Atpvc6c1hJb0AYVgg==",
        "dependencies": {
          "Microsoft.Agents.AI.Abstractions": "1.1.0",
          "Microsoft.Extensions.AI": "10.4.0",
          "Microsoft.Extensions.AI.Abstractions": "10.4.0",
          "Microsoft.Extensions.Compliance.Abstractions": "10.4.0",
          "Microsoft.Extensions.VectorData.Abstractions": "9.7.0",
          "Microsoft.ML.Tokenizers": "2.0.0"
        }
      },
      "Microsoft.Agents.AI.OpenAI": {
        "type": "CentralTransitive",
        "requested": "[1.1.0, )",
        "resolved": "1.1.0",
        "contentHash": "mnVbEsi34NVUHnsopboEA4SpdNdNlKhNOCxTiQdHIWhDVWI+gBCsWi5HOQVOdWzgRE3IXPqIdJoNgTbz0qTMsw==",
        "dependencies": {
          "Microsoft.Agents.AI": "1.1.0",
          "Microsoft.Extensions.AI": "10.4.0",
          "Microsoft.Extensions.AI.Abstractions": "10.4.0",
          "Microsoft.Extensions.AI.OpenAI": "10.4.0",
          "Microsoft.Extensions.Compliance.Abstractions": "10.4.0",
          "Microsoft.Extensions.VectorData.Abstractions": "9.7.0",
          "Microsoft.ML.Tokenizers": "2.0.0",
          "OpenAI": "2.9.1",
          "System.ClientModel": "1.10.0"
        }
      },
      "Microsoft.Extensions.AI": {
        "type": "CentralTransitive",
        "requested": "[9.8.0, )",
        "resolved": "10.4.0",
        "contentHash": "7kKIuaUMFWikveZUjSrs53XfMVV7IDGSDaGp6/y/hV0HXsA7N2oIODZWxtEkEj8Q4cd/Oc/VlsVlg8efof7gFA==",
        "dependencies": {
          "Microsoft.Extensions.AI.Abstractions": "10.4.0",
          "System.Numerics.Tensors": "10.0.4"
        }
      },
      "Microsoft.SemanticKernel.Connectors.Redis": {
        "type": "CentralTransitive",
        "requested": "[1.74.0-preview, )",
        "resolved": "1.74.0-preview",
        "contentHash": "WCqc/mvmotxlqgZK4DOAkFv3N4bCOIk8JFuCtFyYrKLIuNqRE8xLovEcGGDdspmwVbhUhlJoKjFphYCkD+se4g==",
        "dependencies": {
          "Microsoft.Extensions.AI.Abstractions": "10.4.0",
          "Microsoft.Extensions.VectorData.Abstractions": "10.1.0",
          "NRedisStack": "1.0.0"
        }
      }
    }
  }
}